
Microsoft Visual Studio Solution File, Format Version 12.00
# Visual Studio Version 16
VisualStudioVersion = 16.0.32228.343
MinimumVisualStudioVersion = 10.0.40219.1
Project("{FAE04EC0-301F-11D3-BF4B-00C04F79EFBC}") = "PostgresWithDapper", "PostgresWithDapper\PostgresWithDapper.csproj", "{ABDC2955-D6EB-4097-B7A9-6EAEFEF01673}"
EndProject
Global
	GlobalSection(SolutionConfigurationPlatforms) = preSolution
		Debug|Any CPU = Debug|Any CPU
		Release|Any CPU = Release|Any CPU
	EndGlobalSection
	GlobalSection(ProjectConfigurationPlatforms) = postSolution
		{ABDC2955-D6EB-4097-B7A9-6EAEFEF01673}.Debug|Any CPU.ActiveCfg = Debug|Any CPU
		{ABDC2955-D6EB-4097-B7A9-6EAEFEF01673}.Debug|Any CPU.Build.0 = Debug|Any CPU
		{ABDC2955-D6EB-4097-B7A9-6EAEFEF01673}.Release|Any CPU.ActiveCfg = Release|Any CPU
		{ABDC2955-D6EB-4097-B7A9-6EAEFEF01673}.Release|Any CPU.Build.0 = Release|Any CPU
	EndGlobalSection
	GlobalSection(SolutionProperties) = preSolution
		HideSolutionNode = FALSE
	EndGlobalSection
	GlobalSection(ExtensibilityGlobals) = postSolution
		SolutionGuid = {EA53AFEB-1821-42A0-9B23-EE39BC2933D9}
	EndGlobalSection
EndGlobal
